
Microsoft Visual Studio Solution File, Format Version 12.00
# Visual Studio Version 17
VisualStudioVersion = 17.0.31903.59
MinimumVisualStudioVersion = 10.0.40219.1
Project("{FAE04EC0-301F-11D3-BF4B-00C04F79EFBC}") = "xadrez-console", "xadrez-console\xadrez-console.csproj", "{DFF49AD3-21A3-4D82-BAED-9DFA6FB858FD}"
EndProject
Global
	GlobalSection(SolutionConfigurationPlatforms) = preSolution
		Debug|Any CPU = Debug|Any CPU
		Release|Any CPU = Release|Any CPU
	EndGlobalSection
	GlobalSection(SolutionProperties) = preSolution
		HideSolutionNode = FALSE
	EndGlobalSection
	GlobalSection(ProjectConfigurationPlatforms) = postSolution
		{DFF49AD3-21A3-4D82-BAED-9DFA6FB858FD}.Debug|Any CPU.ActiveCfg = Debug|Any CPU
		{DFF49AD3-21A3-4D82-BAED-9DFA6FB858FD}.Debug|Any CPU.Build.0 = Debug|Any CPU
		{DFF49AD3-21A3-4D82-BAED-9DFA6FB858FD}.Release|Any CPU.ActiveCfg = Release|Any CPU
		{DFF49AD3-21A3-4D82-BAED-9DFA6FB858FD}.Release|Any CPU.Build.0 = Release|Any CPU
	EndGlobalSection
EndGlobal
